
Microsoft Visual Studio Solution File, Format Version 12.00
# Visual Studio Version 17
VisualStudioVersion = 17.0.31903.59
MinimumVisualStudioVersion = 10.0.40219.1
Project("{FAE04EC0-301F-11D3-BF4B-00C04F79EFBC}") = "DigitalWallet.Core", "DigitalWallet.Core\DigitalWallet.Core.csproj", "{CF2397FB-551D-4EC6-B2AF-E9814E642F09}"
EndProject
Project("{FAE04EC0-301F-11D3-BF4B-00C04F79EFBC}") = "DigitalWallet.Console", "DigitalWallet.Console\DigitalWallet.Console.csproj", "{26298729-9249-433E-BFD5-D257CFCB2469}"
EndProject
Project("{FAE04EC0-301F-11D3-BF4B-00C04F79EFBC}") = "DigitalWallet.Tests", "DigitalWallet.Tests\DigitalWallet.Tests.csproj", "{D5A7856C-43DC-4E25-809A-F9BF2D79ADDD}"
EndProject
Global
	GlobalSection(SolutionConfigurationPlatforms) = preSolution
		Debug|Any CPU = Debug|Any CPU
		Release|Any CPU = Release|Any CPU
	EndGlobalSection
	GlobalSection(SolutionProperties) = preSolution
		HideSolutionNode = FALSE
	EndGlobalSection
	GlobalSection(ProjectConfigurationPlatforms) = postSolution
		{CF2397FB-551D-4EC6-B2AF-E9814E642F09}.Debug|Any CPU.ActiveCfg = Debug|Any CPU
		{CF2397FB-551D-4EC6-B2AF-E9814E642F09}.Debug|Any CPU.Build.0 = Debug|Any CPU
		{CF2397FB-551D-4EC6-B2AF-E9814E642F09}.Release|Any CPU.ActiveCfg = Release|Any CPU
		{CF2397FB-551D-4EC6-B2AF-E9814E642F09}.Release|Any CPU.Build.0 = Release|Any CPU
		{26298729-9249-433E-BFD5-D257CFCB2469}.Debug|Any CPU.ActiveCfg = Debug|Any CPU
		{26298729-9249-433E-BFD5-D257CFCB2469}.Debug|Any CPU.Build.0 = Debug|Any CPU
		{26298729-9249-433E-BFD5-D257CFCB2469}.Release|Any CPU.ActiveCfg = Release|Any CPU
		{26298729-9249-433E-BFD5-D257CFCB2469}.Release|Any CPU.Build.0 = Release|Any CPU
		{D5A7856C-43DC-4E25-809A-F9BF2D79ADDD}.Debug|Any CPU.ActiveCfg = Debug|Any CPU
		{D5A7856C-43DC-4E25-809A-F9BF2D79ADDD}.Debug|Any CPU.Build.0 = Debug|Any CPU
		{D5A7856C-43DC-4E25-809A-F9BF2D79ADDD}.Release|Any CPU.ActiveCfg = Release|Any CPU
		{D5A7856C-43DC-4E25-809A-F9BF2D79ADDD}.Release|Any CPU.Build.0 = Release|Any CPU
	EndGlobalSection
EndGlobal
