
Microsoft Visual Studio Solution File, Format Version 12.00
# Visual Studio Version 17
VisualStudioVersion = 17.0.31903.59
MinimumVisualStudioVersion = 10.0.40219.1
Project("{FAE04EC0-301F-11D3-BF4B-00C04F79EFBC}") = "CalculatorLib", "CalculatorLib\CalculatorLib.csproj", "{8E09BED1-F498-4148-A4DA-25709F8696EA}"
EndProject
Project("{FAE04EC0-301F-11D3-BF4B-00C04F79EFBC}") = "CalculatorLib.Tests", "CalculatorLib.Tests\CalculatorLib.Tests.csproj", "{6CF58E52-8FEF-41DE-88A8-A26C8E678E48}"
EndProject
Global
	GlobalSection(SolutionConfigurationPlatforms) = preSolution
		Debug|Any CPU = Debug|Any CPU
		Release|Any CPU = Release|Any CPU
	EndGlobalSection
	GlobalSection(SolutionProperties) = preSolution
		HideSolutionNode = FALSE
	EndGlobalSection
	GlobalSection(ProjectConfigurationPlatforms) = postSolution
		{8E09BED1-F498-4148-A4DA-25709F8696EA}.Debug|Any CPU.ActiveCfg = Debug|Any CPU
		{8E09BED1-F498-4148-A4DA-25709F8696EA}.Debug|Any CPU.Build.0 = Debug|Any CPU
		{8E09BED1-F498-4148-A4DA-25709F8696EA}.Release|Any CPU.ActiveCfg = Release|Any CPU
		{8E09BED1-F498-4148-A4DA-25709F8696EA}.Release|Any CPU.Build.0 = Release|Any CPU
		{6CF58E52-8FEF-41DE-88A8-A26C8E678E48}.Debug|Any CPU.ActiveCfg = Debug|Any CPU
		{6CF58E52-8FEF-41DE-88A8-A26C8E678E48}.Debug|Any CPU.Build.0 = Debug|Any CPU
		{6CF58E52-8FEF-41DE-88A8-A26C8E678E48}.Release|Any CPU.ActiveCfg = Release|Any CPU
		{6CF58E52-8FEF-41DE-88A8-A26C8E678E48}.Release|Any CPU.Build.0 = Release|Any CPU
	EndGlobalSection
EndGlobal
